
Microsoft Visual Studio Solution File, Format Version 12.00
# Visual Studio Version 17
VisualStudioVersion = 17.5.33530.505
MinimumVisualStudioVersion = 10.0.40219.1
Project("{FAE04EC0-301F-11D3-BF4B-00C04F79EFBC}") = "SunClouds", "SunClouds\SunClouds.csproj", "{435E13E4-8EA8-4BD2-ADA1-231C976B0623}"
EndProject
Project("{9A19103F-16F7-4668-BE54-9A1E7A4F7556}") = "GeoCoder", "GeoCoder\GeoCoder.csproj", "{B57D0B74-5CBC-46C8-91F1-34DD33E5AE80}"
EndProject
Project("{9A19103F-16F7-4668-BE54-9A1E7A4F7556}") = "Interfaces", "Interfaces\Interfaces.csproj", "{E9B28D67-E5F4-4435-B433-8A19FDCF6E0D}"
EndProject
Project("{9A19103F-16F7-4668-BE54-9A1E7A4F7556}") = "OpenMeteo", "OpenMeteo\OpenMeteo.csproj", "{00B1E0FA-5341-4A2C-94D4-C5B04C01658E}"
EndProject
Project("{9A19103F-16F7-4668-BE54-9A1E7A4F7556}") = "Models", "Models\Models.csproj", "{BC5BBD8D-1A61-4623-8954-10407D6BBD72}"
EndProject
Project("{9A19103F-16F7-4668-BE54-9A1E7A4F7556}") = "WeatherProvider", "WeatherProvider\WeatherProvider.csproj", "{6A2CE32E-C07D-4AC4-ABC6-2446268742DC}"
EndProject
Global
	GlobalSection(SolutionConfigurationPlatforms) = preSolution
		Debug|Any CPU = Debug|Any CPU
		Release|Any CPU = Release|Any CPU
	EndGlobalSection
	GlobalSection(ProjectConfigurationPlatforms) = postSolution
		{435E13E4-8EA8-4BD2-ADA1-231C976B0623}.Debug|Any CPU.ActiveCfg = Debug|Any CPU
		{435E13E4-8EA8-4BD2-ADA1-231C976B0623}.Debug|Any CPU.Build.0 = Debug|Any CPU
		{435E13E4-8EA8-4BD2-ADA1-231C976B0623}.Release|Any CPU.ActiveCfg = Release|Any CPU
		{435E13E4-8EA8-4BD2-ADA1-231C976B0623}.Release|Any CPU.Build.0 = Release|Any CPU
		{B57D0B74-5CBC-46C8-91F1-34DD33E5AE80}.Debug|Any CPU.ActiveCfg = Debug|Any CPU
		{B57D0B74-5CBC-46C8-91F1-34DD33E5AE80}.Debug|Any CPU.Build.0 = Debug|Any CPU
		{B57D0B74-5CBC-46C8-91F1-34DD33E5AE80}.Release|Any CPU.ActiveCfg = Release|Any CPU
		{B57D0B74-5CBC-46C8-91F1-34DD33E5AE80}.Release|Any CPU.Build.0 = Release|Any CPU
		{E9B28D67-E5F4-4435-B433-8A19FDCF6E0D}.Debug|Any CPU.ActiveCfg = Debug|Any CPU
		{E9B28D67-E5F4-4435-B433-8A19FDCF6E0D}.Debug|Any CPU.Build.0 = Debug|Any CPU
		{E9B28D67-E5F4-4435-B433-8A19FDCF6E0D}.Release|Any CPU.ActiveCfg = Release|Any CPU
		{E9B28D67-E5F4-4435-B433-8A19FDCF6E0D}.Release|Any CPU.Build.0 = Release|Any CPU
		{00B1E0FA-5341-4A2C-94D4-C5B04C01658E}.Debug|Any CPU.ActiveCfg = Debug|Any CPU
		{00B1E0FA-5341-4A2C-94D4-C5B04C01658E}.Debug|Any CPU.Build.0 = Debug|Any CPU
		{00B1E0FA-5341-4A2C-94D4-C5B04C01658E}.Release|Any CPU.ActiveCfg = Release|Any CPU
		{00B1E0FA-5341-4A2C-94D4-C5B04C01658E}.Release|Any CPU.Build.0 = Release|Any CPU
		{BC5BBD8D-1A61-4623-8954-10407D6BBD72}.Debug|Any CPU.ActiveCfg = Debug|Any CPU
		{BC5BBD8D-1A61-4623-8954-10407D6BBD72}.Debug|Any CPU.Build.0 = Debug|Any CPU
		{BC5BBD8D-1A61-4623-8954-10407D6BBD72}.Release|Any CPU.ActiveCfg = Release|Any CPU
		{BC5BBD8D-1A61-4623-8954-10407D6BBD72}.Release|Any CPU.Build.0 = Release|Any CPU
		{6A2CE32E-C07D-4AC4-ABC6-2446268742DC}.Debug|Any CPU.ActiveCfg = Debug|Any CPU
		{6A2CE32E-C07D-4AC4-ABC6-2446268742DC}.Debug|Any CPU.Build.0 = Debug|Any CPU
		{6A2CE32E-C07D-4AC4-ABC6-2446268742DC}.Release|Any CPU.ActiveCfg = Release|Any CPU
		{6A2CE32E-C07D-4AC4-ABC6-2446268742DC}.Release|Any CPU.Build.0 = Release|Any CPU
	EndGlobalSection
	GlobalSection(SolutionProperties) = preSolution
		HideSolutionNode = FALSE
	EndGlobalSection
	GlobalSection(ExtensibilityGlobals) = postSolution
		SolutionGuid = {63EF9FDE-F74E-4E48-BE2B-2AA1D341DF96}
	EndGlobalSection
EndGlobal
